// !$*UTF8*$!
{
	archiveVersion = 1;
	classes = {
	};
	objectVersion = 51;
	objects = {

/* Begin PBXBuildFile section */
		16BFAF58FF4669D1B2DBCCD1 /* Pods_MuscleDiary.framework in Frameworks */ = {isa = PBXBuildFile; fileRef = D659BE1DEF935BE146756667 /* Pods_MuscleDiary.framework */; };
		43343BC62471035A00E9A7DF /* Server.swift in Sources */ = {isa = PBXBuildFile; fileRef = 43343BC52471035A00E9A7DF /* Server.swift */; };
		43343BEB247125BC00E9A7DF /* SignInDataManager.swift in Sources */ = {isa = PBXBuildFile; fileRef = 43343BEA247125BC00E9A7DF /* SignInDataManager.swift */; };
		43343BEF2471361800E9A7DF /* DefaultResponse.swift in Sources */ = {isa = PBXBuildFile; fileRef = 43343BEE2471361800E9A7DF /* DefaultResponse.swift */; };
		43343BF2247137EF00E9A7DF /* SignUpDataManager.swift in Sources */ = {isa = PBXBuildFile; fileRef = 43343BF1247137EF00E9A7DF /* SignUpDataManager.swift */; };
		43343BF424713BEA00E9A7DF /* SignInDataResponse.swift in Sources */ = {isa = PBXBuildFile; fileRef = 43343BF324713BEA00E9A7DF /* SignInDataResponse.swift */; };
		4353670524640EE8002522AB /* FoodCell.swift in Sources */ = {isa = PBXBuildFile; fileRef = 4353670424640EE8002522AB /* FoodCell.swift */; };
		4353670724641999002522AB /* Food.swift in Sources */ = {isa = PBXBuildFile; fileRef = 4353670624641999002522AB /* Food.swift */; };
		4353670E246434CA002522AB /* AddFoodVC.swift in Sources */ = {isa = PBXBuildFile; fileRef = 4353670D246434CA002522AB /* AddFoodVC.swift */; };
		4353671024643504002522AB /* AddFoodProtocol.swift in Sources */ = {isa = PBXBuildFile; fileRef = 4353670F24643504002522AB /* AddFoodProtocol.swift */; };
		4372D6AA2455F778000458AE /* SignInVC.swift in Sources */ = {isa = PBXBuildFile; fileRef = 4372D6A92455F778000458AE /* SignInVC.swift */; };
		4372D6AC24567F4F000458AE /* IndicatorView.swift in Sources */ = {isa = PBXBuildFile; fileRef = 4372D6AB24567F4F000458AE /* IndicatorView.swift */; };
		4372D6AE24567FB8000458AE /* UIViewController.swift in Sources */ = {isa = PBXBuildFile; fileRef = 4372D6AD24567FB8000458AE /* UIViewController.swift */; };
		4372D6B6245D60D9000458AE /* SignUpVC.swift in Sources */ = {isa = PBXBuildFile; fileRef = 4372D6B5245D60D9000458AE /* SignUpVC.swift */; };
		4372D6BC245D6869000458AE /* ChartVC.swift in Sources */ = {isa = PBXBuildFile; fileRef = 4372D6BB245D6869000458AE /* ChartVC.swift */; };
		4372D6BE245D6879000458AE /* ExerciseVC.swift in Sources */ = {isa = PBXBuildFile; fileRef = 4372D6BD245D6879000458AE /* ExerciseVC.swift */; };
		4372D6C0245D6885000458AE /* FoodVC.swift in Sources */ = {isa = PBXBuildFile; fileRef = 4372D6BF245D6885000458AE /* FoodVC.swift */; };
		4372D6C2245D6893000458AE /* SettingVC.swift in Sources */ = {isa = PBXBuildFile; fileRef = 4372D6C1245D6893000458AE /* SettingVC.swift */; };
		4372D6C6245D962E000458AE /* CircleProgressBar.swift in Sources */ = {isa = PBXBuildFile; fileRef = 4372D6C5245D962E000458AE /* CircleProgressBar.swift */; };
		438E4D7624532D0200960F3C /* AppDelegate.swift in Sources */ = {isa = PBXBuildFile; fileRef = 438E4D7524532D0200960F3C /* AppDelegate.swift */; };
		438E4D7824532D0200960F3C /* SceneDelegate.swift in Sources */ = {isa = PBXBuildFile; fileRef = 438E4D7724532D0200960F3C /* SceneDelegate.swift */; };
		438E4D7D24532D0200960F3C /* Main.storyboard in Resources */ = {isa = PBXBuildFile; fileRef = 438E4D7B24532D0200960F3C /* Main.storyboard */; };
		438E4D7F24532D0B00960F3C /* Assets.xcassets in Resources */ = {isa = PBXBuildFile; fileRef = 438E4D7E24532D0B00960F3C /* Assets.xcassets */; };
		438E4D8224532D0B00960F3C /* LaunchScreen.storyboard in Resources */ = {isa = PBXBuildFile; fileRef = 438E4D8024532D0B00960F3C /* LaunchScreen.storyboard */; };
		439B718C2455EB1B00019F81 /* UIColor.swift in Sources */ = {isa = PBXBuildFile; fileRef = 439B718B2455EB1B00019F81 /* UIColor.swift */; };
		439B718E2455EB6400019F81 /* String.swift in Sources */ = {isa = PBXBuildFile; fileRef = 439B718D2455EB6400019F81 /* String.swift */; };
		439B71902455EBB400019F81 /* BaseVC.swift in Sources */ = {isa = PBXBuildFile; fileRef = 439B718F2455EBB400019F81 /* BaseVC.swift */; };
		43A6D8E2246C1F1C0062550C /* FoodSearchCell.swift in Sources */ = {isa = PBXBuildFile; fileRef = 43A6D8E0246C1F1C0062550C /* FoodSearchCell.swift */; };
		43A6D8E3246C1F1C0062550C /* FoodSearchCell.xib in Resources */ = {isa = PBXBuildFile; fileRef = 43A6D8E1246C1F1C0062550C /* FoodSearchCell.xib */; };
		43A6D8E5246C224E0062550C /* SearchFood.swift in Sources */ = {isa = PBXBuildFile; fileRef = 43A6D8E4246C224E0062550C /* SearchFood.swift */; };
/* End PBXBuildFile section */

/* Begin PBXFileReference section */
		1DC53F488F4436F99226A7B8 /* Pods-MuscleDiary.release.xcconfig */ = {isa = PBXFileReference; includeInIndex = 1; lastKnownFileType = text.xcconfig; name = "Pods-MuscleDiary.release.xcconfig"; path = "Target Support Files/Pods-MuscleDiary/Pods-MuscleDiary.release.xcconfig"; sourceTree = "<group>"; };
		43343BC52471035A00E9A7DF /* Server.swift */ = {isa = PBXFileReference; lastKnownFileType = sourcecode.swift; path = Server.swift; sourceTree = "<group>"; };
		43343BEA247125BC00E9A7DF /* SignInDataManager.swift */ = {isa = PBXFileReference; lastKnownFileType = sourcecode.swift; path = SignInDataManager.swift; sourceTree = "<group>"; };
		43343BEE2471361800E9A7DF /* DefaultResponse.swift */ = {isa = PBXFileReference; lastKnownFileType = sourcecode.swift; path = DefaultResponse.swift; sourceTree = "<group>"; };
		43343BF1247137EF00E9A7DF /* SignUpDataManager.swift */ = {isa = PBXFileReference; lastKnownFileType = sourcecode.swift; path = SignUpDataManager.swift; sourceTree = "<group>"; };
		43343BF324713BEA00E9A7DF /* SignInDataResponse.swift */ = {isa = PBXFileReference; lastKnownFileType = sourcecode.swift; path = SignInDataResponse.swift; sourceTree = "<group>"; };
		4353670424640EE8002522AB /* FoodCell.swift */ = {isa = PBXFileReference; lastKnownFileType = sourcecode.swift; path = FoodCell.swift; sourceTree = "<group>"; };
		4353670624641999002522AB /* Food.swift */ = {isa = PBXFileReference; lastKnownFileType = sourcecode.swift; path = Food.swift; sourceTree = "<group>"; };
		4353670D246434CA002522AB /* AddFoodVC.swift */ = {isa = PBXFileReference; lastKnownFileType = sourcecode.swift; path = AddFoodVC.swift; sourceTree = "<group>"; };
		4353670F24643504002522AB /* AddFoodProtocol.swift */ = {isa = PBXFileReference; lastKnownFileType = sourcecode.swift; path = AddFoodProtocol.swift; sourceTree = "<group>"; };
		4372D6A92455F778000458AE /* SignInVC.swift */ = {isa = PBXFileReference; lastKnownFileType = sourcecode.swift; path = SignInVC.swift; sourceTree = "<group>"; };
		4372D6AB24567F4F000458AE /* IndicatorView.swift */ = {isa = PBXFileReference; lastKnownFileType = sourcecode.swift; path = IndicatorView.swift; sourceTree = "<group>"; };
		4372D6AD24567FB8000458AE /* UIViewController.swift */ = {isa = PBXFileReference; lastKnownFileType = sourcecode.swift; path = UIViewController.swift; sourceTree = "<group>"; };
		4372D6B5245D60D9000458AE /* SignUpVC.swift */ = {isa = PBXFileReference; lastKnownFileType = sourcecode.swift; path = SignUpVC.swift; sourceTree = "<group>"; };
		4372D6BB245D6869000458AE /* ChartVC.swift */ = {isa = PBXFileReference; lastKnownFileType = sourcecode.swift; name = ChartVC.swift; path = MuscleDiary/Main/Chart/View/ChartVC.swift; sourceTree = SOURCE_ROOT; };
		4372D6BD245D6879000458AE /* ExerciseVC.swift */ = {isa = PBXFileReference; lastKnownFileType = sourcecode.swift; path = ExerciseVC.swift; sourceTree = "<group>"; };
		4372D6BF245D6885000458AE /* FoodVC.swift */ = {isa = PBXFileReference; lastKnownFileType = sourcecode.swift; path = FoodVC.swift; sourceTree = "<group>"; };
		4372D6C1245D6893000458AE /* SettingVC.swift */ = {isa = PBXFileReference; lastKnownFileType = sourcecode.swift; path = SettingVC.swift; sourceTree = "<group>"; };
		4372D6C5245D962E000458AE /* CircleProgressBar.swift */ = {isa = PBXFileReference; lastKnownFileType = sourcecode.swift; path = CircleProgressBar.swift; sourceTree = "<group>"; };
		438E4D7224532D0200960F3C /* MuscleDiary.app */ = {isa = PBXFileReference; explicitFileType = wrapper.application; includeInIndex = 0; path = MuscleDiary.app; sourceTree = BUILT_PRODUCTS_DIR; };
		438E4D7524532D0200960F3C /* AppDelegate.swift */ = {isa = PBXFileReference; lastKnownFileType = sourcecode.swift; path = AppDelegate.swift; sourceTree = "<group>"; };
		438E4D7724532D0200960F3C /* SceneDelegate.swift */ = {isa = PBXFileReference; lastKnownFileType = sourcecode.swift; path = SceneDelegate.swift; sourceTree = "<group>"; };
		438E4D7C24532D0200960F3C /* Base */ = {isa = PBXFileReference; lastKnownFileType = file.storyboard; name = Base; path = Base.lproj/Main.storyboard; sourceTree = "<group>"; };
		438E4D7E24532D0B00960F3C /* Assets.xcassets */ = {isa = PBXFileReference; lastKnownFileType = folder.assetcatalog; path = Assets.xcassets; sourceTree = "<group>"; };
		438E4D8124532D0B00960F3C /* Base */ = {isa = PBXFileReference; lastKnownFileType = file.storyboard; name = Base; path = Base.lproj/LaunchScreen.storyboard; sourceTree = "<group>"; };
		438E4D8324532D0B00960F3C /* Info.plist */ = {isa = PBXFileReference; lastKnownFileType = text.plist.xml; path = Info.plist; sourceTree = "<group>"; };
		439B718B2455EB1B00019F81 /* UIColor.swift */ = {isa = PBXFileReference; lastKnownFileType = sourcecode.swift; path = UIColor.swift; sourceTree = "<group>"; };
		439B718D2455EB6400019F81 /* String.swift */ = {isa = PBXFileReference; lastKnownFileType = sourcecode.swift; path = String.swift; sourceTree = "<group>"; };
		439B718F2455EBB400019F81 /* BaseVC.swift */ = {isa = PBXFileReference; lastKnownFileType = sourcecode.swift; path = BaseVC.swift; sourceTree = "<group>"; };
		43A6D8E0246C1F1C0062550C /* FoodSearchCell.swift */ = {isa = PBXFileReference; lastKnownFileType = sourcecode.swift; path = FoodSearchCell.swift; sourceTree = "<group>"; };
		43A6D8E1246C1F1C0062550C /* FoodSearchCell.xib */ = {isa = PBXFileReference; lastKnownFileType = file.xib; path = FoodSearchCell.xib; sourceTree = "<group>"; };
		43A6D8E4246C224E0062550C /* SearchFood.swift */ = {isa = PBXFileReference; lastKnownFileType = sourcecode.swift; path = SearchFood.swift; sourceTree = "<group>"; };
		5935191B2FD470B20279AB68 /* Pods-MuscleDiary.debug.xcconfig */ = {isa = PBXFileReference; includeInIndex = 1; lastKnownFileType = text.xcconfig; name = "Pods-MuscleDiary.debug.xcconfig"; path = "Target Support Files/Pods-MuscleDiary/Pods-MuscleDiary.debug.xcconfig"; sourceTree = "<group>"; };
		D659BE1DEF935BE146756667 /* Pods_MuscleDiary.framework */ = {isa = PBXFileReference; explicitFileType = wrapper.framework; includeInIndex = 0; path = Pods_MuscleDiary.framework; sourceTree = BUILT_PRODUCTS_DIR; };
/* End PBXFileReference section */

/* Begin PBXFrameworksBuildPhase section */
		438E4D6F24532D0200960F3C /* Frameworks */ = {
			isa = PBXFrameworksBuildPhase;
			buildActionMask = 2147483647;
			files = (
				16BFAF58FF4669D1B2DBCCD1 /* Pods_MuscleDiary.framework in Frameworks */,
			);
			runOnlyForDeploymentPostprocessing = 0;
		};
/* End PBXFrameworksBuildPhase section */

/* Begin PBXGroup section */
		43343BE9247125A400E9A7DF /* Network */ = {
			isa = PBXGroup;
			children = (
				43343BEA247125BC00E9A7DF /* SignInDataManager.swift */,
				43343BF324713BEA00E9A7DF /* SignInDataResponse.swift */,
			);
			path = Network;
			sourceTree = "<group>";
		};
		43343BF0247137D100E9A7DF /* Network */ = {
			isa = PBXGroup;
			children = (
				43343BF1247137EF00E9A7DF /* SignUpDataManager.swift */,
			);
			path = Network;
			sourceTree = "<group>";
		};
		4353670324640E64002522AB /* TableViewCell */ = {
			isa = PBXGroup;
			children = (
				4353670424640EE8002522AB /* FoodCell.swift */,
				4353670624641999002522AB /* Food.swift */,
			);
			path = TableViewCell;
			sourceTree = "<group>";
		};
		43536708246430D4002522AB /* AddFood */ = {
			isa = PBXGroup;
			children = (
				43A6D8DF246C1EF40062550C /* TableViewCell */,
				4353670C246434B4002522AB /* View */,
				4353670F24643504002522AB /* AddFoodProtocol.swift */,
				43A6D8E4246C224E0062550C /* SearchFood.swift */,
			);
			path = AddFood;
			sourceTree = "<group>";
		};
		43536709246430E2002522AB /* AdProtein */ = {
			isa = PBXGroup;
			children = (
			);
			path = AdProtein;
			sourceTree = "<group>";
		};
		4353670A2464342D002522AB /* SubDomain */ = {
			isa = PBXGroup;
			children = (
				43536709246430E2002522AB /* AdProtein */,
				43536708246430D4002522AB /* AddFood */,
			);
			path = SubDomain;
			sourceTree = "<group>";
		};
		4353670B24643436002522AB /* PopUp */ = {
			isa = PBXGroup;
			children = (
			);
			path = PopUp;
			sourceTree = "<group>";
		};
		4353670C246434B4002522AB /* View */ = {
			isa = PBXGroup;
			children = (
				4353670D246434CA002522AB /* AddFoodVC.swift */,
			);
			path = View;
			sourceTree = "<group>";
		};
		4372D6A82455F762000458AE /* View */ = {
			isa = PBXGroup;
			children = (
				4372D6A92455F778000458AE /* SignInVC.swift */,
			);
			path = View;
			sourceTree = "<group>";
		};
		4372D6AF245D5F4F000458AE /* Main */ = {
			isa = PBXGroup;
			children = (
				4372D6B0245D5F5E000458AE /* Food */,
				4372D6B3245D5FDA000458AE /* Exercise */,
				4372D6B1245D5FD2000458AE /* Chart */,
				4372D6B2245D5FD8000458AE /* Setting */,
			);
			path = Main;
			sourceTree = "<group>";
		};
		4372D6B0245D5F5E000458AE /* Food */ = {
			isa = PBXGroup;
			children = (
				4372D6B9245D6530000458AE /* View */,
				4353670B24643436002522AB /* PopUp */,
				4353670A2464342D002522AB /* SubDomain */,
			);
			path = Food;
			sourceTree = "<group>";
		};
		4372D6B1245D5FD2000458AE /* Chart */ = {
			isa = PBXGroup;
			children = (
				4372D6B7245D6525000458AE /* View */,
			);
			path = Chart;
			sourceTree = "<group>";
		};
		4372D6B2245D5FD8000458AE /* Setting */ = {
			isa = PBXGroup;
			children = (
				4372D6BA245D6537000458AE /* View */,
			);
			path = Setting;
			sourceTree = "<group>";
		};
		4372D6B3245D5FDA000458AE /* Exercise */ = {
			isa = PBXGroup;
			children = (
				4372D6B8245D652B000458AE /* View */,
			);
			path = Exercise;
			sourceTree = "<group>";
		};
		4372D6B4245D60BA000458AE /* View */ = {
			isa = PBXGroup;
			children = (
				4372D6B5245D60D9000458AE /* SignUpVC.swift */,
			);
			path = View;
			sourceTree = "<group>";
		};
		4372D6B7245D6525000458AE /* View */ = {
			isa = PBXGroup;
			children = (
				4372D6BB245D6869000458AE /* ChartVC.swift */,
			);
			name = View;
			path = "퍋ㅈ";
			sourceTree = "<group>";
		};
		4372D6B8245D652B000458AE /* View */ = {
			isa = PBXGroup;
			children = (
				4372D6BD245D6879000458AE /* ExerciseVC.swift */,
			);
			path = View;
			sourceTree = "<group>";
		};
		4372D6B9245D6530000458AE /* View */ = {
			isa = PBXGroup;
			children = (
				4353670324640E64002522AB /* TableViewCell */,
				4372D6BF245D6885000458AE /* FoodVC.swift */,
			);
			path = View;
			sourceTree = "<group>";
		};
		4372D6BA245D6537000458AE /* View */ = {
			isa = PBXGroup;
			children = (
				4372D6C1245D6893000458AE /* SettingVC.swift */,
			);
			path = View;
			sourceTree = "<group>";
		};
		438E4D6924532D0200960F3C = {
			isa = PBXGroup;
			children = (
				438E4D7424532D0200960F3C /* MuscleDiary */,
				438E4D7324532D0200960F3C /* Products */,
				77D2E6781D84D0681C5FAA5A /* Pods */,
				AB4C55A2B739EE2D72D92E21 /* Frameworks */,
			);
			sourceTree = "<group>";
		};
		438E4D7324532D0200960F3C /* Products */ = {
			isa = PBXGroup;
			children = (
				438E4D7224532D0200960F3C /* MuscleDiary.app */,
			);
			name = Products;
			sourceTree = "<group>";
		};
		438E4D7424532D0200960F3C /* MuscleDiary */ = {
			isa = PBXGroup;
			children = (
				439B71892455EAEA00019F81 /* Config */,
				439B71872455E86700019F81 /* SignIn */,
				439B71882455E87A00019F81 /* SignUp */,
				4372D6AF245D5F4F000458AE /* Main */,
				438E4D7524532D0200960F3C /* AppDelegate.swift */,
				438E4D7724532D0200960F3C /* SceneDelegate.swift */,
				438E4D7B24532D0200960F3C /* Main.storyboard */,
				438E4D7E24532D0B00960F3C /* Assets.xcassets */,
				438E4D8024532D0B00960F3C /* LaunchScreen.storyboard */,
				438E4D8324532D0B00960F3C /* Info.plist */,
			);
			path = MuscleDiary;
			sourceTree = "<group>";
		};
		439B71872455E86700019F81 /* SignIn */ = {
			isa = PBXGroup;
			children = (
				4372D6A82455F762000458AE /* View */,
				43343BE9247125A400E9A7DF /* Network */,
			);
			path = SignIn;
			sourceTree = "<group>";
		};
		439B71882455E87A00019F81 /* SignUp */ = {
			isa = PBXGroup;
			children = (
				4372D6B4245D60BA000458AE /* View */,
				43343BF0247137D100E9A7DF /* Network */,
			);
			path = SignUp;
			sourceTree = "<group>";
		};
		439B71892455EAEA00019F81 /* Config */ = {
			isa = PBXGroup;
			children = (
				439B718A2455EB0300019F81 /* Extension */,
				439B718F2455EBB400019F81 /* BaseVC.swift */,
				4372D6AB24567F4F000458AE /* IndicatorView.swift */,
				4372D6C5245D962E000458AE /* CircleProgressBar.swift */,
				43343BC52471035A00E9A7DF /* Server.swift */,
				43343BEE2471361800E9A7DF /* DefaultResponse.swift */,
			);
			path = Config;
			sourceTree = "<group>";
		};
		439B718A2455EB0300019F81 /* Extension */ = {
			isa = PBXGroup;
			children = (
				439B718B2455EB1B00019F81 /* UIColor.swift */,
				439B718D2455EB6400019F81 /* String.swift */,
				4372D6AD24567FB8000458AE /* UIViewController.swift */,
			);
			path = Extension;
			sourceTree = "<group>";
		};
		43A6D8DF246C1EF40062550C /* TableViewCell */ = {
			isa = PBXGroup;
			children = (
				43A6D8E0246C1F1C0062550C /* FoodSearchCell.swift */,
				43A6D8E1246C1F1C0062550C /* FoodSearchCell.xib */,
			);
			path = TableViewCell;
			sourceTree = "<group>";
		};
		77D2E6781D84D0681C5FAA5A /* Pods */ = {
			isa = PBXGroup;
			children = (
				5935191B2FD470B20279AB68 /* Pods-MuscleDiary.debug.xcconfig */,
				1DC53F488F4436F99226A7B8 /* Pods-MuscleDiary.release.xcconfig */,
			);
			path = Pods;
			sourceTree = "<group>";
		};
		AB4C55A2B739EE2D72D92E21 /* Frameworks */ = {
			isa = PBXGroup;
			children = (
				D659BE1DEF935BE146756667 /* Pods_MuscleDiary.framework */,
			);
			name = Frameworks;
			sourceTree = "<group>";
		};
/* End PBXGroup section */

/* Begin PBXNativeTarget section */
		438E4D7124532D0200960F3C /* MuscleDiary */ = {
			isa = PBXNativeTarget;
			buildConfigurationList = 438E4D8624532D0B00960F3C /* Build configuration list for PBXNativeTarget "MuscleDiary" */;
			buildPhases = (
				F39EBCC66A68A1E76986072B /* [CP] Check Pods Manifest.lock */,
				438E4D6E24532D0200960F3C /* Sources */,
				438E4D6F24532D0200960F3C /* Frameworks */,
				438E4D7024532D0200960F3C /* Resources */,
				7C9F5C40402F183AB1D6781F /* [CP] Embed Pods Frameworks */,
			);
			buildRules = (
			);
			dependencies = (
			);
			name = MuscleDiary;
			productName = MuscleDiary;
			productReference = 438E4D7224532D0200960F3C /* MuscleDiary.app */;
			productType = "com.apple.product-type.application";
		};
/* End PBXNativeTarget section */

/* Begin PBXProject section */
		438E4D6A24532D0200960F3C /* Project object */ = {
			isa = PBXProject;
			attributes = {
				LastSwiftUpdateCheck = 1140;
				LastUpgradeCheck = 1140;
				ORGANIZATIONNAME = "YooBin Jo";
				TargetAttributes = {
					438E4D7124532D0200960F3C = {
						CreatedOnToolsVersion = 11.4.1;
					};
				};
			};
			buildConfigurationList = 438E4D6D24532D0200960F3C /* Build configuration list for PBXProject "MuscleDiary" */;
			compatibilityVersion = "Xcode 9.3";
			developmentRegion = en;
			hasScannedForEncodings = 0;
			knownRegions = (
				en,
				Base,
			);
			mainGroup = 438E4D6924532D0200960F3C;
			productRefGroup = 438E4D7324532D0200960F3C /* Products */;
			projectDirPath = "";
			projectRoot = "";
			targets = (
				438E4D7124532D0200960F3C /* MuscleDiary */,
			);
		};
/* End PBXProject section */

/* Begin PBXResourcesBuildPhase section */
		438E4D7024532D0200960F3C /* Resources */ = {
			isa = PBXResourcesBuildPhase;
			buildActionMask = 2147483647;
			files = (
				438E4D8224532D0B00960F3C /* LaunchScreen.storyboard in Resources */,
				43A6D8E3246C1F1C0062550C /* FoodSearchCell.xib in Resources */,
				438E4D7F24532D0B00960F3C /* Assets.xcassets in Resources */,
				438E4D7D24532D0200960F3C /* Main.storyboard in Resources */,
			);
			runOnlyForDeploymentPostprocessing = 0;
		};
/* End PBXResourcesBuildPhase section */

/* Begin PBXShellScriptBuildPhase section */
		7C9F5C40402F183AB1D6781F /* [CP] Embed Pods Frameworks */ = {
			isa = PBXShellScriptBuildPhase;
			buildActionMask = 2147483647;
			files = (
			);
			inputFileListPaths = (
				"${PODS_ROOT}/Target Support Files/Pods-MuscleDiary/Pods-MuscleDiary-frameworks-${CONFIGURATION}-input-files.xcfilelist",
			);
			name = "[CP] Embed Pods Frameworks";
			outputFileListPaths = (
				"${PODS_ROOT}/Target Support Files/Pods-MuscleDiary/Pods-MuscleDiary-frameworks-${CONFIGURATION}-output-files.xcfilelist",
			);
			runOnlyForDeploymentPostprocessing = 0;
			shellPath = /bin/sh;
			shellScript = "\"${PODS_ROOT}/Target Support Files/Pods-MuscleDiary/Pods-MuscleDiary-frameworks.sh\"\n";
			showEnvVarsInLog = 0;
		};
		F39EBCC66A68A1E76986072B /* [CP] Check Pods Manifest.lock */ = {
			isa = PBXShellScriptBuildPhase;
			buildActionMask = 2147483647;
			files = (
			);
			inputFileListPaths = (
			);
			inputPaths = (
				"${PODS_PODFILE_DIR_PATH}/Podfile.lock",
				"${PODS_ROOT}/Manifest.lock",
			);
			name = "[CP] Check Pods Manifest.lock";
			outputFileListPaths = (
			);
			outputPaths = (
				"$(DERIVED_FILE_DIR)/Pods-MuscleDiary-checkManifestLockResult.txt",
			);
			runOnlyForDeploymentPostprocessing = 0;
			shellPath = /bin/sh;
			shellScript = "diff \"${PODS_PODFILE_DIR_PATH}/Podfile.lock\" \"${PODS_ROOT}/Manifest.lock\" > /dev/null\nif [ $? != 0 ] ; then\n    # print error to STDERR\n    echo \"error: The sandbox is not in sync with the Podfile.lock. Run 'pod install' or update your CocoaPods installation.\" >&2\n    exit 1\nfi\n# This output is used by Xcode 'outputs' to avoid re-running this script phase.\necho \"SUCCESS\" > \"${SCRIPT_OUTPUT_FILE_0}\"\n";
			showEnvVarsInLog = 0;
		};
/* End PBXShellScriptBuildPhase section */

/* Begin PBXSourcesBuildPhase section */
		438E4D6E24532D0200960F3C /* Sources */ = {
			isa = PBXSourcesBuildPhase;
			buildActionMask = 2147483647;
			files = (
				439B71902455EBB400019F81 /* BaseVC.swift in Sources */,
				4372D6B6245D60D9000458AE /* SignUpVC.swift in Sources */,
				439B718C2455EB1B00019F81 /* UIColor.swift in Sources */,
				43343BEF2471361800E9A7DF /* DefaultResponse.swift in Sources */,
				43343BEB247125BC00E9A7DF /* SignInDataManager.swift in Sources */,
				4372D6AA2455F778000458AE /* SignInVC.swift in Sources */,
				4353670E246434CA002522AB /* AddFoodVC.swift in Sources */,
				43A6D8E5246C224E0062550C /* SearchFood.swift in Sources */,
				4372D6AC24567F4F000458AE /* IndicatorView.swift in Sources */,
				43343BC62471035A00E9A7DF /* Server.swift in Sources */,
				439B718E2455EB6400019F81 /* String.swift in Sources */,
				4372D6C6245D962E000458AE /* CircleProgressBar.swift in Sources */,
				4353670524640EE8002522AB /* FoodCell.swift in Sources */,
				4353671024643504002522AB /* AddFoodProtocol.swift in Sources */,
				43A6D8E2246C1F1C0062550C /* FoodSearchCell.swift in Sources */,
				438E4D7624532D0200960F3C /* AppDelegate.swift in Sources */,
				43343BF424713BEA00E9A7DF /* SignInDataResponse.swift in Sources */,
				4372D6BE245D6879000458AE /* ExerciseVC.swift in Sources */,
				4372D6C0245D6885000458AE /* FoodVC.swift in Sources */,
				4372D6AE24567FB8000458AE /* UIViewController.swift in Sources */,
				438E4D7824532D0200960F3C /* SceneDelegate.swift in Sources */,
				4353670724641999002522AB /* Food.swift in Sources */,
				43343BF2247137EF00E9A7DF /* SignUpDataManager.swift in Sources */,
				4372D6BC245D6869000458AE /* ChartVC.swift in Sources */,
				4372D6C2245D6893000458AE /* SettingVC.swift in Sources */,
			);
			runOnlyForDeploymentPostprocessing = 0;
		};
/* End PBXSourcesBuildPhase section */

/* Begin PBXVariantGroup section */
		438E4D7B24532D0200960F3C /* Main.storyboard */ = {
			isa = PBXVariantGroup;
			children = (
				438E4D7C24532D0200960F3C /* Base */,
			);
			name = Main.storyboard;
			sourceTree = "<group>";
		};
		438E4D8024532D0B00960F3C /* LaunchScreen.storyboard */ = {
			isa = PBXVariantGroup;
			children = (
				438E4D8124532D0B00960F3C /* Base */,
			);
			name = LaunchScreen.storyboard;
			sourceTree = "<group>";
		};
/* End PBXVariantGroup section */

/* Begin XCBuildConfiguration section */
		438E4D8424532D0B00960F3C /* Debug */ = {
			isa = XCBuildConfiguration;
			buildSettings = {
				ALWAYS_SEARCH_USER_PATHS = NO;
				CLANG_ANALYZER_NONNULL = YES;
				CLANG_ANALYZER_NUMBER_OBJECT_CONVERSION = YES_AGGRESSIVE;
				CLANG_CXX_LANGUAGE_STANDARD = "gnu++14";
				CLANG_CXX_LIBRARY = "libc++";
				CLANG_ENABLE_MODULES = YES;
				CLANG_ENABLE_OBJC_ARC = YES;
				CLANG_ENABLE_OBJC_WEAK = YES;
				CLANG_WARN_BLOCK_CAPTURE_AUTORELEASING = YES;
				CLANG_WARN_BOOL_CONVERSION = YES;
				CLANG_WARN_COMMA = YES;
				CLANG_WARN_CONSTANT_CONVERSION = YES;
				CLANG_WARN_DEPRECATED_OBJC_IMPLEMENTATIONS = YES;
				CLANG_WARN_DIRECT_OBJC_ISA_USAGE = YES_ERROR;
				CLANG_WARN_DOCUMENTATION_COMMENTS = YES;
				CLANG_WARN_EMPTY_BODY = YES;
				CLANG_WARN_ENUM_CONVERSION = YES;
				CLANG_WARN_INFINITE_RECURSION = YES;
				CLANG_WARN_INT_CONVERSION = YES;
				CLANG_WARN_NON_LITERAL_NULL_CONVERSION = YES;
				CLANG_WARN_OBJC_IMPLICIT_RETAIN_SELF = YES;
				CLANG_WARN_OBJC_LITERAL_CONVERSION = YES;
				CLANG_WARN_OBJC_ROOT_CLASS = YES_ERROR;
				CLANG_WARN_RANGE_LOOP_ANALYSIS = YES;
				CLANG_WARN_STRICT_PROTOTYPES = YES;
				CLANG_WARN_SUSPICIOUS_MOVE = YES;
				CLANG_WARN_UNGUARDED_AVAILABILITY = YES_AGGRESSIVE;
				CLANG_WARN_UNREACHABLE_CODE = YES;
				CLANG_WARN__DUPLICATE_METHOD_MATCH = YES;
				COPY_PHASE_STRIP = NO;
				DEBUG_INFORMATION_FORMAT = dwarf;
				ENABLE_STRICT_OBJC_MSGSEND = YES;
				ENABLE_TESTABILITY = YES;
				GCC_C_LANGUAGE_STANDARD = gnu11;
				GCC_DYNAMIC_NO_PIC = NO;
				GCC_NO_COMMON_BLOCKS = YES;
				GCC_OPTIMIZATION_LEVEL = 0;
				GCC_PREPROCESSOR_DEFINITIONS = (
					"DEBUG=1",
					"$(inherited)",
				);
				GCC_WARN_64_TO_32_BIT_CONVERSION = YES;
				GCC_WARN_ABOUT_RETURN_TYPE = YES_ERROR;
				GCC_WARN_UNDECLARED_SELECTOR = YES;
				GCC_WARN_UNINITIALIZED_AUTOS = YES_AGGRESSIVE;
				GCC_WARN_UNUSED_FUNCTION = YES;
				GCC_WARN_UNUSED_VARIABLE = YES;
				IPHONEOS_DEPLOYMENT_TARGET = 13.4;
				MTL_ENABLE_DEBUG_INFO = INCLUDE_SOURCE;
				MTL_FAST_MATH = YES;
				ONLY_ACTIVE_ARCH = YES;
				SDKROOT = iphoneos;
				SWIFT_ACTIVE_COMPILATION_CONDITIONS = DEBUG;
				SWIFT_OPTIMIZATION_LEVEL = "-Onone";
			};
			name = Debug;
		};
		438E4D8524532D0B00960F3C /* Release */ = {
			isa = XCBuildConfiguration;
			buildSettings = {
				ALWAYS_SEARCH_USER_PATHS = NO;
				CLANG_ANALYZER_NONNULL = YES;
				CLANG_ANALYZER_NUMBER_OBJECT_CONVERSION = YES_AGGRESSIVE;
				CLANG_CXX_LANGUAGE_STANDARD = "gnu++14";
				CLANG_CXX_LIBRARY = "libc++";
				CLANG_ENABLE_MODULES = YES;
				CLANG_ENABLE_OBJC_ARC = YES;
				CLANG_ENABLE_OBJC_WEAK = YES;
				CLANG_WARN_BLOCK_CAPTURE_AUTORELEASING = YES;
				CLANG_WARN_BOOL_CONVERSION = YES;
				CLANG_WARN_COMMA = YES;
				CLANG_WARN_CONSTANT_CONVERSION = YES;
				CLANG_WARN_DEPRECATED_OBJC_IMPLEMENTATIONS = YES;
				CLANG_WARN_DIRECT_OBJC_ISA_USAGE = YES_ERROR;
				CLANG_WARN_DOCUMENTATION_COMMENTS = YES;
				CLANG_WARN_EMPTY_BODY = YES;
				CLANG_WARN_ENUM_CONVERSION = YES;
				CLANG_WARN_INFINITE_RECURSION = YES;
				CLANG_WARN_INT_CONVERSION = YES;
				CLANG_WARN_NON_LITERAL_NULL_CONVERSION = YES;
				CLANG_WARN_OBJC_IMPLICIT_RETAIN_SELF = YES;
				CLANG_WARN_OBJC_LITERAL_CONVERSION = YES;
				CLANG_WARN_OBJC_ROOT_CLASS = YES_ERROR;
				CLANG_WARN_RANGE_LOOP_ANALYSIS = YES;
				CLANG_WARN_STRICT_PROTOTYPES = YES;
				CLANG_WARN_SUSPICIOUS_MOVE = YES;
				CLANG_WARN_UNGUARDED_AVAILABILITY = YES_AGGRESSIVE;
				CLANG_WARN_UNREACHABLE_CODE = YES;
				CLANG_WARN__DUPLICATE_METHOD_MATCH = YES;
				COPY_PHASE_STRIP = NO;
				DEBUG_INFORMATION_FORMAT = "dwarf-with-dsym";
				ENABLE_NS_ASSERTIONS = NO;
				ENABLE_STRICT_OBJC_MSGSEND = YES;
				GCC_C_LANGUAGE_STANDARD = gnu11;
				GCC_NO_COMMON_BLOCKS = YES;
				GCC_WARN_64_TO_32_BIT_CONVERSION = YES;
				GCC_WARN_ABOUT_RETURN_TYPE = YES_ERROR;
				GCC_WARN_UNDECLARED_SELECTOR = YES;
				GCC_WARN_UNINITIALIZED_AUTOS = YES_AGGRESSIVE;
				GCC_WARN_UNUSED_FUNCTION = YES;
				GCC_WARN_UNUSED_VARIABLE = YES;
				IPHONEOS_DEPLOYMENT_TARGET = 13.4;
				MTL_ENABLE_DEBUG_INFO = NO;
				MTL_FAST_MATH = YES;
				SDKROOT = iphoneos;
				SWIFT_COMPILATION_MODE = wholemodule;
				SWIFT_OPTIMIZATION_LEVEL = "-O";
				VALIDATE_PRODUCT = YES;
			};
			name = Release;
		};
		438E4D8724532D0B00960F3C /* Debug */ = {
			isa = XCBuildConfiguration;
			baseConfigurationReference = 5935191B2FD470B20279AB68 /* Pods-MuscleDiary.debug.xcconfig */;
			buildSettings = {
				ASSETCATALOG_COMPILER_APPICON_NAME = AppIcon;
				CODE_SIGN_STYLE = Automatic;
				DEVELOPMENT_TEAM = 69F5355JYF;
				INFOPLIST_FILE = MuscleDiary/Info.plist;
				IPHONEOS_DEPLOYMENT_TARGET = 12.0;
				LD_RUNPATH_SEARCH_PATHS = (
					"$(inherited)",
					"@executable_path/Frameworks",
				);
				MARKETING_VERSION = 1.0.0;
				PRODUCT_BUNDLE_IDENTIFIER = com.Rubin.ios.MuscleDiary;
				PRODUCT_NAME = "$(TARGET_NAME)";
				SWIFT_VERSION = 5.0;
				TARGETED_DEVICE_FAMILY = 1;
			};
			name = Debug;
		};
		438E4D8824532D0B00960F3C /* Release */ = {
			isa = XCBuildConfiguration;
			baseConfigurationReference = 1DC53F488F4436F99226A7B8 /* Pods-MuscleDiary.release.xcconfig */;
			buildSettings = {
				ASSETCATALOG_COMPILER_APPICON_NAME = AppIcon;
				CODE_SIGN_STYLE = Automatic;
				DEVELOPMENT_TEAM = 69F5355JYF;
				INFOPLIST_FILE = MuscleDiary/Info.plist;
				IPHONEOS_DEPLOYMENT_TARGET = 12.0;
				LD_RUNPATH_SEARCH_PATHS = (
					"$(inherited)",
					"@executable_path/Frameworks",
				);
				MARKETING_VERSION = 1.0.0;
				PRODUCT_BUNDLE_IDENTIFIER = com.Rubin.ios.MuscleDiary;
				PRODUCT_NAME = "$(TARGET_NAME)";
				SWIFT_VERSION = 5.0;
				TARGETED_DEVICE_FAMILY = 1;
			};
			name = Release;
		};
/* End XCBuildConfiguration section */

/* Begin XCConfigurationList section */
		438E4D6D24532D0200960F3C /* Build configuration list for PBXProject "MuscleDiary" */ = {
			isa = XCConfigurationList;
			buildConfigurations = (
				438E4D8424532D0B00960F3C /* Debug */,
				438E4D8524532D0B00960F3C /* Release */,
			);
			defaultConfigurationIsVisible = 0;
			defaultConfigurationName = Release;
		};
		438E4D8624532D0B00960F3C /* Build configuration list for PBXNativeTarget "MuscleDiary" */ = {
			isa = XCConfigurationList;
			buildConfigurations = (
				438E4D8724532D0B00960F3C /* Debug */,
				438E4D8824532D0B00960F3C /* Release */,
			);
			defaultConfigurationIsVisible = 0;
			defaultConfigurationName = Release;
		};
/* End XCConfigurationList section */
	};
	rootObject = 438E4D6A24532D0200960F3C /* Project object */;
}
